
Microsoft Visual Studio Solution File, Format Version 12.00
# Visual Studio Version 16
VisualStudioVersion = 16.0.29209.152
MinimumVisualStudioVersion = 10.0.40219.1
Project("{9A19103F-16F7-4668-BE54-9A1E7A4F7556}") = "Uniwiki.Shared", "Uniwiki.Shared\Uniwiki.Shared.csproj", "{C84F4303-553E-402E-AB17-7907E4A3D8EF}"
EndProject
Project("{9A19103F-16F7-4668-BE54-9A1E7A4F7556}") = "Uniwiki.Server.Application", "Uniwiki.Server.Application\Uniwiki.Server.Application.csproj", "{85026CFA-7DCD-4DB2-82DE-DD479984F5C2}"
EndProject
Project("{9A19103F-16F7-4668-BE54-9A1E7A4F7556}") = "Uniwiki.Server.Persistence", "Uniwiki.Server.Persistence\Uniwiki.Server.Persistence.csproj", "{F378BA4E-AAD7-410F-B5BB-E8DE625D1472}"
EndProject
Project("{2150E333-8FDC-42A3-9474-1A3956D46DE8}") = "Server", "Server", "{E9936A16-06FC-4ABF-A1B2-BFEA7833BD46}"
EndProject
Project("{2150E333-8FDC-42A3-9474-1A3956D46DE8}") = "Infrastructure", "Infrastructure", "{19147708-523A-49D7-9235-8DB885ACD052}"
EndProject
Project("{9A19103F-16F7-4668-BE54-9A1E7A4F7556}") = "Server.Host", "Server.Base.Host\Server.Host.csproj", "{C906D982-069A-4694-A832-DEF3D3D2B155}"
EndProject
Project("{9A19103F-16F7-4668-BE54-9A1E7A4F7556}") = "Server.Appliaction", "Server.Appliaction.Base\Server.Appliaction.csproj", "{EB201010-0885-47CD-8C7F-74087964E372}"
EndProject
Project("{9A19103F-16F7-4668-BE54-9A1E7A4F7556}") = "Server.Application.Tests", "Server.Application.Base.Tests\Server.Application.Tests.csproj", "{B90F9BDE-B829-4953-8349-379FE74BAEBB}"
EndProject
Project("{2150E333-8FDC-42A3-9474-1A3956D46DE8}") = "Snippets", "Snippets", "{421E9C5C-52EF-43DE-AA7F-7385CF8AB4CB}"
	ProjectSection(SolutionItems) = preProject
		ServerAction.snippet = ServerAction.snippet
	EndProjectSection
EndProject
Project("{9A19103F-16F7-4668-BE54-9A1E7A4F7556}") = "Uniwiki.Shared.Tests", "Uniwiki.Shared.Tests\Uniwiki.Shared.Tests.csproj", "{215720B1-F213-43A7-9D60-F4B0594E3305}"
EndProject
Project("{9A19103F-16F7-4668-BE54-9A1E7A4F7556}") = "Uniwiki.Server.Application.Tests", "Uniwiki.Server.Application.Tests\Uniwiki.Server.Application.Tests.csproj", "{20098330-C42B-4660-88F3-E23C673FBDF2}"
EndProject
Project("{9A19103F-16F7-4668-BE54-9A1E7A4F7556}") = "Uniwiki.Tests", "Uniwiki.Tests\Uniwiki.Tests.csproj", "{AF0892CA-69A5-4A7D-8E41-08867C96B55B}"
EndProject
Project("{9A19103F-16F7-4668-BE54-9A1E7A4F7556}") = "Shared", "Server.Shared\Shared.csproj", "{2411409A-55AB-4326-856E-C35B35758102}"
EndProject
Project("{9A19103F-16F7-4668-BE54-9A1E7A4F7556}") = "Server.Persistence", "Server.Persistence\Server.Persistence.csproj", "{FC3325E7-7413-4ABD-814A-7A23120469D6}"
EndProject
Project("{9A19103F-16F7-4668-BE54-9A1E7A4F7556}") = "Uniwiki.Server.Host", "Uniwiki.Server.Host\Uniwiki.Server.Host.csproj", "{83A3D431-3F9B-4CEE-96C8-FA2CA97A36D7}"
EndProject
Project("{9A19103F-16F7-4668-BE54-9A1E7A4F7556}") = "Uniwiki.Client.Host", "Uniwiki.Client.Host\Uniwiki.Client.Host.csproj", "{39EFE8B1-A6ED-4F65-A86D-5B116E23FAAC}"
EndProject
Project("{9A19103F-16F7-4668-BE54-9A1E7A4F7556}") = "Shared.Tests", "Shared.Tests\Shared.Tests.csproj", "{B7F92039-5746-4AE0-842D-EA3CA4020AA4}"
EndProject
Project("{9A19103F-16F7-4668-BE54-9A1E7A4F7556}") = "Uniwiki.Server.Persistence.Tests", "Uniwiki.Server.Persistence.Tests\Uniwiki.Server.Persistence.Tests.csproj", "{42EBDECD-78AF-41B3-AAB7-67C6D9F75687}"
EndProject
Project("{2150E333-8FDC-42A3-9474-1A3956D46DE8}") = "Solution Items", "Solution Items", "{95DCE644-02DA-4D2B-9D58-0BDCFE4860F2}"
	ProjectSection(SolutionItems) = preProject
		.editorconfig = .editorconfig
		.editorconfig.inferred = .editorconfig.inferred
	EndProjectSection
EndProject
Project("{9A19103F-16F7-4668-BE54-9A1E7A4F7556}") = "Uniwiki.Server.Shared", "Uniwiki.Server.Shared\Uniwiki.Server.Shared.csproj", "{05495C09-9B71-4556-8871-54F100398E1B}"
EndProject
Project("{FAE04EC0-301F-11D3-BF4B-00C04F79EFBC}") = "Uniwiki.Server.WebHost", "Uniwiki.Server.WebHost\Uniwiki.Server.WebHost.csproj", "{E2279436-E2CE-44CB-8B33-230C2EDE2E60}"
EndProject
Project("{E53339B2-1760-4266-BCC7-CA923CBCF16C}") = "docker-compose", "docker-compose.dcproj", "{75D6294D-C52F-4C54-B5A6-0CD6424C3E9C}"
EndProject
Global
	GlobalSection(SolutionConfigurationPlatforms) = preSolution
		Debug|Any CPU = Debug|Any CPU
		Release|Any CPU = Release|Any CPU
	EndGlobalSection
	GlobalSection(ProjectConfigurationPlatforms) = postSolution
		{C84F4303-553E-402E-AB17-7907E4A3D8EF}.Debug|Any CPU.ActiveCfg = Debug|Any CPU
		{C84F4303-553E-402E-AB17-7907E4A3D8EF}.Debug|Any CPU.Build.0 = Debug|Any CPU
		{C84F4303-553E-402E-AB17-7907E4A3D8EF}.Release|Any CPU.ActiveCfg = Release|Any CPU
		{C84F4303-553E-402E-AB17-7907E4A3D8EF}.Release|Any CPU.Build.0 = Release|Any CPU
		{85026CFA-7DCD-4DB2-82DE-DD479984F5C2}.Debug|Any CPU.ActiveCfg = Debug|Any CPU
		{85026CFA-7DCD-4DB2-82DE-DD479984F5C2}.Debug|Any CPU.Build.0 = Debug|Any CPU
		{85026CFA-7DCD-4DB2-82DE-DD479984F5C2}.Release|Any CPU.ActiveCfg = Release|Any CPU
		{85026CFA-7DCD-4DB2-82DE-DD479984F5C2}.Release|Any CPU.Build.0 = Release|Any CPU
		{F378BA4E-AAD7-410F-B5BB-E8DE625D1472}.Debug|Any CPU.ActiveCfg = Debug|Any CPU
		{F378BA4E-AAD7-410F-B5BB-E8DE625D1472}.Debug|Any CPU.Build.0 = Debug|Any CPU
		{F378BA4E-AAD7-410F-B5BB-E8DE625D1472}.Release|Any CPU.ActiveCfg = Release|Any CPU
		{F378BA4E-AAD7-410F-B5BB-E8DE625D1472}.Release|Any CPU.Build.0 = Release|Any CPU
		{C906D982-069A-4694-A832-DEF3D3D2B155}.Debug|Any CPU.ActiveCfg = Debug|Any CPU
		{C906D982-069A-4694-A832-DEF3D3D2B155}.Debug|Any CPU.Build.0 = Debug|Any CPU
		{C906D982-069A-4694-A832-DEF3D3D2B155}.Release|Any CPU.ActiveCfg = Release|Any CPU
		{C906D982-069A-4694-A832-DEF3D3D2B155}.Release|Any CPU.Build.0 = Release|Any CPU
		{EB201010-0885-47CD-8C7F-74087964E372}.Debug|Any CPU.ActiveCfg = Debug|Any CPU
		{EB201010-0885-47CD-8C7F-74087964E372}.Debug|Any CPU.Build.0 = Debug|Any CPU
		{EB201010-0885-47CD-8C7F-74087964E372}.Release|Any CPU.ActiveCfg = Release|Any CPU
		{EB201010-0885-47CD-8C7F-74087964E372}.Release|Any CPU.Build.0 = Release|Any CPU
		{B90F9BDE-B829-4953-8349-379FE74BAEBB}.Debug|Any CPU.ActiveCfg = Debug|Any CPU
		{B90F9BDE-B829-4953-8349-379FE74BAEBB}.Debug|Any CPU.Build.0 = Debug|Any CPU
		{B90F9BDE-B829-4953-8349-379FE74BAEBB}.Release|Any CPU.ActiveCfg = Release|Any CPU
		{B90F9BDE-B829-4953-8349-379FE74BAEBB}.Release|Any CPU.Build.0 = Release|Any CPU
		{215720B1-F213-43A7-9D60-F4B0594E3305}.Debug|Any CPU.ActiveCfg = Debug|Any CPU
		{215720B1-F213-43A7-9D60-F4B0594E3305}.Debug|Any CPU.Build.0 = Debug|Any CPU
		{215720B1-F213-43A7-9D60-F4B0594E3305}.Release|Any CPU.ActiveCfg = Release|Any CPU
		{215720B1-F213-43A7-9D60-F4B0594E3305}.Release|Any CPU.Build.0 = Release|Any CPU
		{20098330-C42B-4660-88F3-E23C673FBDF2}.Debug|Any CPU.ActiveCfg = Debug|Any CPU
		{20098330-C42B-4660-88F3-E23C673FBDF2}.Debug|Any CPU.Build.0 = Debug|Any CPU
		{20098330-C42B-4660-88F3-E23C673FBDF2}.Release|Any CPU.ActiveCfg = Release|Any CPU
		{20098330-C42B-4660-88F3-E23C673FBDF2}.Release|Any CPU.Build.0 = Release|Any CPU
		{AF0892CA-69A5-4A7D-8E41-08867C96B55B}.Debug|Any CPU.ActiveCfg = Debug|Any CPU
		{AF0892CA-69A5-4A7D-8E41-08867C96B55B}.Debug|Any CPU.Build.0 = Debug|Any CPU
		{AF0892CA-69A5-4A7D-8E41-08867C96B55B}.Release|Any CPU.ActiveCfg = Release|Any CPU
		{AF0892CA-69A5-4A7D-8E41-08867C96B55B}.Release|Any CPU.Build.0 = Release|Any CPU
		{2411409A-55AB-4326-856E-C35B35758102}.Debug|Any CPU.ActiveCfg = Debug|Any CPU
		{2411409A-55AB-4326-856E-C35B35758102}.Debug|Any CPU.Build.0 = Debug|Any CPU
		{2411409A-55AB-4326-856E-C35B35758102}.Release|Any CPU.ActiveCfg = Release|Any CPU
		{2411409A-55AB-4326-856E-C35B35758102}.Release|Any CPU.Build.0 = Release|Any CPU
		{FC3325E7-7413-4ABD-814A-7A23120469D6}.Debug|Any CPU.ActiveCfg = Debug|Any CPU
		{FC3325E7-7413-4ABD-814A-7A23120469D6}.Debug|Any CPU.Build.0 = Debug|Any CPU
		{FC3325E7-7413-4ABD-814A-7A23120469D6}.Release|Any CPU.ActiveCfg = Release|Any CPU
		{FC3325E7-7413-4ABD-814A-7A23120469D6}.Release|Any CPU.Build.0 = Release|Any CPU
		{83A3D431-3F9B-4CEE-96C8-FA2CA97A36D7}.Debug|Any CPU.ActiveCfg = Debug|Any CPU
		{83A3D431-3F9B-4CEE-96C8-FA2CA97A36D7}.Debug|Any CPU.Build.0 = Debug|Any CPU
		{83A3D431-3F9B-4CEE-96C8-FA2CA97A36D7}.Release|Any CPU.ActiveCfg = Release|Any CPU
		{83A3D431-3F9B-4CEE-96C8-FA2CA97A36D7}.Release|Any CPU.Build.0 = Release|Any CPU
		{39EFE8B1-A6ED-4F65-A86D-5B116E23FAAC}.Debug|Any CPU.ActiveCfg = Debug|Any CPU
		{39EFE8B1-A6ED-4F65-A86D-5B116E23FAAC}.Debug|Any CPU.Build.0 = Debug|Any CPU
		{39EFE8B1-A6ED-4F65-A86D-5B116E23FAAC}.Release|Any CPU.ActiveCfg = Release|Any CPU
		{39EFE8B1-A6ED-4F65-A86D-5B116E23FAAC}.Release|Any CPU.Build.0 = Release|Any CPU
		{B7F92039-5746-4AE0-842D-EA3CA4020AA4}.Debug|Any CPU.ActiveCfg = Debug|Any CPU
		{B7F92039-5746-4AE0-842D-EA3CA4020AA4}.Debug|Any CPU.Build.0 = Debug|Any CPU
		{B7F92039-5746-4AE0-842D-EA3CA4020AA4}.Release|Any CPU.ActiveCfg = Release|Any CPU
		{B7F92039-5746-4AE0-842D-EA3CA4020AA4}.Release|Any CPU.Build.0 = Release|Any CPU
		{42EBDECD-78AF-41B3-AAB7-67C6D9F75687}.Debug|Any CPU.ActiveCfg = Debug|Any CPU
		{42EBDECD-78AF-41B3-AAB7-67C6D9F75687}.Debug|Any CPU.Build.0 = Debug|Any CPU
		{42EBDECD-78AF-41B3-AAB7-67C6D9F75687}.Release|Any CPU.ActiveCfg = Release|Any CPU
		{42EBDECD-78AF-41B3-AAB7-67C6D9F75687}.Release|Any CPU.Build.0 = Release|Any CPU
		{05495C09-9B71-4556-8871-54F100398E1B}.Debug|Any CPU.ActiveCfg = Debug|Any CPU
		{05495C09-9B71-4556-8871-54F100398E1B}.Debug|Any CPU.Build.0 = Debug|Any CPU
		{05495C09-9B71-4556-8871-54F100398E1B}.Release|Any CPU.ActiveCfg = Release|Any CPU
		{05495C09-9B71-4556-8871-54F100398E1B}.Release|Any CPU.Build.0 = Release|Any CPU
		{E2279436-E2CE-44CB-8B33-230C2EDE2E60}.Debug|Any CPU.ActiveCfg = Debug|Any CPU
		{E2279436-E2CE-44CB-8B33-230C2EDE2E60}.Debug|Any CPU.Build.0 = Debug|Any CPU
		{E2279436-E2CE-44CB-8B33-230C2EDE2E60}.Release|Any CPU.ActiveCfg = Release|Any CPU
		{E2279436-E2CE-44CB-8B33-230C2EDE2E60}.Release|Any CPU.Build.0 = Release|Any CPU
		{75D6294D-C52F-4C54-B5A6-0CD6424C3E9C}.Debug|Any CPU.ActiveCfg = Debug|Any CPU
		{75D6294D-C52F-4C54-B5A6-0CD6424C3E9C}.Debug|Any CPU.Build.0 = Debug|Any CPU
		{75D6294D-C52F-4C54-B5A6-0CD6424C3E9C}.Release|Any CPU.ActiveCfg = Release|Any CPU
		{75D6294D-C52F-4C54-B5A6-0CD6424C3E9C}.Release|Any CPU.Build.0 = Release|Any CPU
	EndGlobalSection
	GlobalSection(SolutionProperties) = preSolution
		HideSolutionNode = FALSE
	EndGlobalSection
	GlobalSection(NestedProjects) = preSolution
		{85026CFA-7DCD-4DB2-82DE-DD479984F5C2} = {E9936A16-06FC-4ABF-A1B2-BFEA7833BD46}
		{F378BA4E-AAD7-410F-B5BB-E8DE625D1472} = {E9936A16-06FC-4ABF-A1B2-BFEA7833BD46}
		{C906D982-069A-4694-A832-DEF3D3D2B155} = {19147708-523A-49D7-9235-8DB885ACD052}
		{EB201010-0885-47CD-8C7F-74087964E372} = {19147708-523A-49D7-9235-8DB885ACD052}
		{B90F9BDE-B829-4953-8349-379FE74BAEBB} = {19147708-523A-49D7-9235-8DB885ACD052}
		{20098330-C42B-4660-88F3-E23C673FBDF2} = {E9936A16-06FC-4ABF-A1B2-BFEA7833BD46}
		{2411409A-55AB-4326-856E-C35B35758102} = {19147708-523A-49D7-9235-8DB885ACD052}
		{FC3325E7-7413-4ABD-814A-7A23120469D6} = {19147708-523A-49D7-9235-8DB885ACD052}
		{83A3D431-3F9B-4CEE-96C8-FA2CA97A36D7} = {E9936A16-06FC-4ABF-A1B2-BFEA7833BD46}
		{B7F92039-5746-4AE0-842D-EA3CA4020AA4} = {19147708-523A-49D7-9235-8DB885ACD052}
		{42EBDECD-78AF-41B3-AAB7-67C6D9F75687} = {E9936A16-06FC-4ABF-A1B2-BFEA7833BD46}
		{05495C09-9B71-4556-8871-54F100398E1B} = {E9936A16-06FC-4ABF-A1B2-BFEA7833BD46}
		{E2279436-E2CE-44CB-8B33-230C2EDE2E60} = {E9936A16-06FC-4ABF-A1B2-BFEA7833BD46}
	EndGlobalSection
	GlobalSection(ExtensibilityGlobals) = postSolution
		SolutionGuid = {58C94EB4-3EDA-40CB-B028-8B24E0575547}
	EndGlobalSection
EndGlobal
